{
  "requires": true,
  "lockfileVersion": 1,
  "dependencies": {
    "@splidejs/splide": {
      "version": "3.6.12",
      "resolved": "https://registry.npmjs.org/@splidejs/splide/-/splide-3.6.12.tgz",
      "integrity": "sha512-ggOUAuSxjWuxxL0IQEZcux26KByfKWfYM2HYmvDBdxkXc5evVW+xuECO+3iuciyrJpgcbYTr4hn0cHfbNlYIeA=="
    },
    "reveal.js": {
      "version": "4.3.1",
      "resolved": "https://registry.npmjs.org/reveal.js/-/reveal.js-4.3.1.tgz",
      "integrity": "sha512-1kyEnWeUkaCdBdX//XXq9dtBK95ppvIlSwlHelrP8/wrX6LcsYp4HT9WTFoFEOUBfVqkm8C2aHQ367o+UKfcxw=="
    }
  }
}
